{
  "name": "uiux-storybook-architect",
  "version": "2.0.1",
  "lockfileVersion": 3,
  "requires": true,
  "packages": {
    "": {
      "name": "uiux-storybook-architect",
      "version": "2.0.1",
      "license": "MIT",
      "bin": {
        "uiux": "bin/cli.js",
        "uiux-storybook-architect": "bin/cli.js"
      },
      "engines": {
        "node": ">=18"
      }
    }
  }
}
